// !$*UTF8*$!
{
	archiveVersion = 1;
	classes = {
	};
	objectVersion = 50;
	objects = {

/* Begin PBXBuildFile section */
		9C32072920DE56D700C3AA4F /* AppDelegate.swift in Sources */ = {isa = PBXBuildFile; fileRef = 9C32072820DE56D700C3AA4F /* AppDelegate.swift */; };
		9C32072B20DE56D700C3AA4F /* ExploreViewController.swift in Sources */ = {isa = PBXBuildFile; fileRef = 9C32072A20DE56D700C3AA4F /* ExploreViewController.swift */; };
		9C32072E20DE56D700C3AA4F /* Main.storyboard in Resources */ = {isa = PBXBuildFile; fileRef = 9C32072C20DE56D700C3AA4F /* Main.storyboard */; };
		9C32073020DE56D900C3AA4F /* Assets.xcassets in Resources */ = {isa = PBXBuildFile; fileRef = 9C32072F20DE56D900C3AA4F /* Assets.xcassets */; };
		9C32073320DE56D900C3AA4F /* LaunchScreen.storyboard in Resources */ = {isa = PBXBuildFile; fileRef = 9C32073120DE56D900C3AA4F /* LaunchScreen.storyboard */; };
		9C32073C20DE574100C3AA4F /* NetworkInterface.swift in Sources */ = {isa = PBXBuildFile; fileRef = 9C32073B20DE574100C3AA4F /* NetworkInterface.swift */; };
		9C32077E20DE5CB900C3AA4F /* MagicalRecordInternal.m in Sources */ = {isa = PBXBuildFile; fileRef = 9C32073F20DE5CB900C3AA4F /* MagicalRecordInternal.m */; };
		9C32077F20DE5CB900C3AA4F /* MagicalRecord+iCloud.m in Sources */ = {isa = PBXBuildFile; fileRef = 9C32074020DE5CB900C3AA4F /* MagicalRecord+iCloud.m */; };
		9C32078020DE5CB900C3AA4F /* MagicalRecord+Setup.m in Sources */ = {isa = PBXBuildFile; fileRef = 9C32074520DE5CB900C3AA4F /* MagicalRecord+Setup.m */; };
		9C32078120DE5CB900C3AA4F /* MagicalRecord+Actions.m in Sources */ = {isa = PBXBuildFile; fileRef = 9C32074820DE5CB900C3AA4F /* MagicalRecord+Actions.m */; };
		9C32078220DE5CB900C3AA4F /* MagicalRecord+ShorthandMethods.m in Sources */ = {isa = PBXBuildFile; fileRef = 9C32074C20DE5CB900C3AA4F /* MagicalRecord+ShorthandMethods.m */; };
		9C32078320DE5CB900C3AA4F /* MagicalRecord+Options.m in Sources */ = {isa = PBXBuildFile; fileRef = 9C32074E20DE5CB900C3AA4F /* MagicalRecord+Options.m */; };
		9C32078420DE5CB900C3AA4F /* MagicalRecord+ErrorHandling.m in Sources */ = {isa = PBXBuildFile; fileRef = 9C32074F20DE5CB900C3AA4F /* MagicalRecord+ErrorHandling.m */; };
		9C32078520DE5CB900C3AA4F /* NSPersistentStore+MagicalRecord.m in Sources */ = {isa = PBXBuildFile; fileRef = 9C32075220DE5CB900C3AA4F /* NSPersistentStore+MagicalRecord.m */; };
		9C32078620DE5CB900C3AA4F /* NSManagedObjectModel+MagicalRecord.m in Sources */ = {isa = PBXBuildFile; fileRef = 9C32075320DE5CB900C3AA4F /* NSManagedObjectModel+MagicalRecord.m */; };
		9C32078720DE5CB900C3AA4F /* NSManagedObject+MagicalFinders.m in Sources */ = {isa = PBXBuildFile; fileRef = 9C32075620DE5CB900C3AA4F /* NSManagedObject+MagicalFinders.m */; };
		9C32078820DE5CB900C3AA4F /* NSManagedObject+MagicalRecord.m in Sources */ = {isa = PBXBuildFile; fileRef = 9C32075920DE5CB900C3AA4F /* NSManagedObject+MagicalRecord.m */; };
		9C32078920DE5CB900C3AA4F /* NSManagedObject+MagicalAggregation.m in Sources */ = {isa = PBXBuildFile; fileRef = 9C32075C20DE5CB900C3AA4F /* NSManagedObject+MagicalAggregation.m */; };
		9C32078A20DE5CB900C3AA4F /* NSManagedObject+MagicalDataImport.m in Sources */ = {isa = PBXBuildFile; fileRef = 9C32075D20DE5CB900C3AA4F /* NSManagedObject+MagicalDataImport.m */; };
		9C32078B20DE5CB900C3AA4F /* NSManagedObject+MagicalRequests.m in Sources */ = {isa = PBXBuildFile; fileRef = 9C32075F20DE5CB900C3AA4F /* NSManagedObject+MagicalRequests.m */; };
		9C32078C20DE5CB900C3AA4F /* NSManagedObjectContext+MagicalSaves.m in Sources */ = {isa = PBXBuildFile; fileRef = 9C32076520DE5CB900C3AA4F /* NSManagedObjectContext+MagicalSaves.m */; };
		9C32078D20DE5CB900C3AA4F /* NSManagedObjectContext+MagicalObserving.m in Sources */ = {isa = PBXBuildFile; fileRef = 9C32076620DE5CB900C3AA4F /* NSManagedObjectContext+MagicalObserving.m */; };
		9C32078E20DE5CB900C3AA4F /* NSManagedObjectContext+MagicalRecord.m in Sources */ = {isa = PBXBuildFile; fileRef = 9C32076720DE5CB900C3AA4F /* NSManagedObjectContext+MagicalRecord.m */; };
		9C32078F20DE5CB900C3AA4F /* NSManagedObjectContext+MagicalChainSave.m in Sources */ = {isa = PBXBuildFile; fileRef = 9C32076920DE5CB900C3AA4F /* NSManagedObjectContext+MagicalChainSave.m */; };
		9C32079020DE5CB900C3AA4F /* NSManagedObjectContext+MagicalThreading.m in Sources */ = {isa = PBXBuildFile; fileRef = 9C32076A20DE5CB900C3AA4F /* NSManagedObjectContext+MagicalThreading.m */; };
		9C32079120DE5CB900C3AA4F /* NSNumber+MagicalDataImport.m in Sources */ = {isa = PBXBuildFile; fileRef = 9C32076C20DE5CB900C3AA4F /* NSNumber+MagicalDataImport.m */; };
		9C32079220DE5CB900C3AA4F /* NSAttributeDescription+MagicalDataImport.m in Sources */ = {isa = PBXBuildFile; fileRef = 9C32077120DE5CB900C3AA4F /* NSAttributeDescription+MagicalDataImport.m */; };
		9C32079320DE5CB900C3AA4F /* NSEntityDescription+MagicalDataImport.m in Sources */ = {isa = PBXBuildFile; fileRef = 9C32077420DE5CB900C3AA4F /* NSEntityDescription+MagicalDataImport.m */; };
		9C32079420DE5CB900C3AA4F /* MagicalImportFunctions.m in Sources */ = {isa = PBXBuildFile; fileRef = 9C32077520DE5CB900C3AA4F /* MagicalImportFunctions.m */; };
		9C32079520DE5CB900C3AA4F /* NSObject+MagicalDataImport.m in Sources */ = {isa = PBXBuildFile; fileRef = 9C32077620DE5CB900C3AA4F /* NSObject+MagicalDataImport.m */; };
		9C32079620DE5CB900C3AA4F /* NSRelationshipDescription+MagicalDataImport.m in Sources */ = {isa = PBXBuildFile; fileRef = 9C32077720DE5CB900C3AA4F /* NSRelationshipDescription+MagicalDataImport.m */; };
		9C32079720DE5CB900C3AA4F /* NSString+MagicalDataImport.m in Sources */ = {isa = PBXBuildFile; fileRef = 9C32077920DE5CB900C3AA4F /* NSString+MagicalDataImport.m */; };
		9C32079820DE5CB900C3AA4F /* NSPersistentStoreCoordinator+MagicalRecord.m in Sources */ = {isa = PBXBuildFile; fileRef = 9C32077C20DE5CB900C3AA4F /* NSPersistentStoreCoordinator+MagicalRecord.m */; };
		9C32079C20DE5E1200C3AA4F /* WikiPage.swift in Sources */ = {isa = PBXBuildFile; fileRef = 9C32079B20DE5E1200C3AA4F /* WikiPage.swift */; };
		9C32079F20DE5E2800C3AA4F /* Model.xcdatamodeld in Sources */ = {isa = PBXBuildFile; fileRef = 9C32079D20DE5E2800C3AA4F /* Model.xcdatamodeld */; };
		9C42F98420DE62F1006DA007 /* WikiPageDO.swift in Sources */ = {isa = PBXBuildFile; fileRef = 9C42F98320DE62F1006DA007 /* WikiPageDO.swift */; };
		9C42F98A20DE75CF006DA007 /* SearchViewController.swift in Sources */ = {isa = PBXBuildFile; fileRef = 9C42F98920DE75CF006DA007 /* SearchViewController.swift */; };
		9C42F98D20DE776B006DA007 /* WikiPageCell.swift in Sources */ = {isa = PBXBuildFile; fileRef = 9C42F98B20DE776B006DA007 /* WikiPageCell.swift */; };
		9C42F98E20DE776B006DA007 /* WikiPageCell.xib in Resources */ = {isa = PBXBuildFile; fileRef = 9C42F98C20DE776B006DA007 /* WikiPageCell.xib */; };
		9C42F9B120DE791B006DA007 /* UIImage+WebP.m in Sources */ = {isa = PBXBuildFile; fileRef = 9C42F99020DE791B006DA007 /* UIImage+WebP.m */; };
		9C42F9B220DE791B006DA007 /* MKAnnotationView+WebCache.m in Sources */ = {isa = PBXBuildFile; fileRef = 9C42F99120DE791B006DA007 /* MKAnnotationView+WebCache.m */; };
		9C42F9B320DE791B006DA007 /* SDWebImageManager.m in Sources */ = {isa = PBXBuildFile; fileRef = 9C42F99420DE791B006DA007 /* SDWebImageManager.m */; };
		9C42F9B420DE791B006DA007 /* SDWebImageDecoder.m in Sources */ = {isa = PBXBuildFile; fileRef = 9C42F99520DE791B006DA007 /* SDWebImageDecoder.m */; };
		9C42F9B520DE791B006DA007 /* UIImageView+HighlightedWebCache.m in Sources */ = {isa = PBXBuildFile; fileRef = 9C42F99720DE791B006DA007 /* UIImageView+HighlightedWebCache.m */; };
		9C42F9B620DE791B006DA007 /* SDWebImageDownloader.m in Sources */ = {isa = PBXBuildFile; fileRef = 9C42F99920DE791B006DA007 /* SDWebImageDownloader.m */; };
		9C42F9B720DE791B006DA007 /* UIImage+GIF.m in Sources */ = {isa = PBXBuildFile; fileRef = 9C42F99A20DE791B006DA007 /* UIImage+GIF.m */; };
		9C42F9B820DE791B006DA007 /* UIImage+MultiFormat.m in Sources */ = {isa = PBXBuildFile; fileRef = 9C42F99C20DE791B006DA007 /* UIImage+MultiFormat.m */; };
		9C42F9B920DE791B006DA007 /* SDWebImageCompat.m in Sources */ = {isa = PBXBuildFile; fileRef = 9C42F99D20DE791B006DA007 /* SDWebImageCompat.m */; };
		9C42F9BA20DE791B006DA007 /* SDWebImagePrefetcher.m in Sources */ = {isa = PBXBuildFile; fileRef = 9C42F99E20DE791B006DA007 /* SDWebImagePrefetcher.m */; };
		9C42F9BB20DE791B006DA007 /* SDImageCache.m in Sources */ = {isa = PBXBuildFile; fileRef = 9C42F9A220DE791B006DA007 /* SDImageCache.m */; };
		9C42F9BC20DE791B006DA007 /* SDWebImageDownloaderOperation.m in Sources */ = {isa = PBXBuildFile; fileRef = 9C42F9A420DE791B006DA007 /* SDWebImageDownloaderOperation.m */; };
		9C42F9BD20DE791B006DA007 /* NSData+ImageContentType.m in Sources */ = {isa = PBXBuildFile; fileRef = 9C42F9A720DE791B006DA007 /* NSData+ImageContentType.m */; };
		9C42F9BE20DE791B006DA007 /* UIImageView+WebCache.m in Sources */ = {isa = PBXBuildFile; fileRef = 9C42F9A820DE791B006DA007 /* UIImageView+WebCache.m */; };
		9C42F9BF20DE791B006DA007 /* UIView+WebCacheOperation.m in Sources */ = {isa = PBXBuildFile; fileRef = 9C42F9AB20DE791B006DA007 /* UIView+WebCacheOperation.m */; };
		9C42F9C020DE791B006DA007 /* UIButton+WebCache.m in Sources */ = {isa = PBXBuildFile; fileRef = 9C42F9AF20DE791B006DA007 /* UIButton+WebCache.m */; };
		9C42F9CF20DEA28B006DA007 /* WebViewController.swift in Sources */ = {isa = PBXBuildFile; fileRef = 9C42F9CE20DEA28B006DA007 /* WebViewController.swift */; };
		9CF11CD320DFB94700034A1D /* OnboardingViewController.swift in Sources */ = {isa = PBXBuildFile; fileRef = 9CF11CD220DFB94700034A1D /* OnboardingViewController.swift */; };
		B2780DD3170A2C81F34A660F /* Pods_WikiRead.framework in Frameworks */ = {isa = PBXBuildFile; fileRef = 99D555C4C1597AE888BA10A9 /* Pods_WikiRead.framework */; };
/* End PBXBuildFile section */

/* Begin PBXFileReference section */
		96D1251BD31A5DA6EB1ED269 /* Pods-WikiRead.debug.xcconfig */ = {isa = PBXFileReference; includeInIndex = 1; lastKnownFileType = text.xcconfig; name = "Pods-WikiRead.debug.xcconfig"; path = "Pods/Target Support Files/Pods-WikiRead/Pods-WikiRead.debug.xcconfig"; sourceTree = "<group>"; };
		99D555C4C1597AE888BA10A9 /* Pods_WikiRead.framework */ = {isa = PBXFileReference; explicitFileType = wrapper.framework; includeInIndex = 0; path = Pods_WikiRead.framework; sourceTree = BUILT_PRODUCTS_DIR; };
		9C32072520DE56D700C3AA4F /* WikiRead.app */ = {isa = PBXFileReference; explicitFileType = wrapper.application; includeInIndex = 0; path = WikiRead.app; sourceTree = BUILT_PRODUCTS_DIR; };
		9C32072820DE56D700C3AA4F /* AppDelegate.swift */ = {isa = PBXFileReference; lastKnownFileType = sourcecode.swift; path = AppDelegate.swift; sourceTree = "<group>"; };
		9C32072A20DE56D700C3AA4F /* ExploreViewController.swift */ = {isa = PBXFileReference; lastKnownFileType = sourcecode.swift; path = ExploreViewController.swift; sourceTree = "<group>"; };
		9C32072D20DE56D700C3AA4F /* Base */ = {isa = PBXFileReference; lastKnownFileType = file.storyboard; name = Base; path = Base.lproj/Main.storyboard; sourceTree = "<group>"; };
		9C32072F20DE56D900C3AA4F /* Assets.xcassets */ = {isa = PBXFileReference; lastKnownFileType = folder.assetcatalog; path = Assets.xcassets; sourceTree = "<group>"; };
		9C32073220DE56D900C3AA4F /* Base */ = {isa = PBXFileReference; lastKnownFileType = file.storyboard; name = Base; path = Base.lproj/LaunchScreen.storyboard; sourceTree = "<group>"; };
		9C32073420DE56D900C3AA4F /* Info.plist */ = {isa = PBXFileReference; lastKnownFileType = text.plist.xml; path = Info.plist; sourceTree = "<group>"; };
		9C32073B20DE574100C3AA4F /* NetworkInterface.swift */ = {isa = PBXFileReference; fileEncoding = 4; lastKnownFileType = sourcecode.swift; path = NetworkInterface.swift; sourceTree = "<group>"; };
		9C32073F20DE5CB900C3AA4F /* MagicalRecordInternal.m */ = {isa = PBXFileReference; fileEncoding = 4; lastKnownFileType = sourcecode.c.objc; path = MagicalRecordInternal.m; sourceTree = "<group>"; };
		9C32074020DE5CB900C3AA4F /* MagicalRecord+iCloud.m */ = {isa = PBXFileReference; fileEncoding = 4; lastKnownFileType = sourcecode.c.objc; path = "MagicalRecord+iCloud.m"; sourceTree = "<group>"; };
		9C32074120DE5CB900C3AA4F /* MagicalRecord+Actions.h */ = {isa = PBXFileReference; fileEncoding = 4; lastKnownFileType = sourcecode.c.h; path = "MagicalRecord+Actions.h"; sourceTree = "<group>"; };
		9C32074220DE5CB900C3AA4F /* MagicalRecordShorthandMethodAliases.h */ = {isa = PBXFileReference; fileEncoding = 4; lastKnownFileType = sourcecode.c.h; path = MagicalRecordShorthandMethodAliases.h; sourceTree = "<group>"; };
		9C32074320DE5CB900C3AA4F /* MagicalRecordLogging.h */ = {isa = PBXFileReference; fileEncoding = 4; lastKnownFileType = sourcecode.c.h; path = MagicalRecordLogging.h; sourceTree = "<group>"; };
		9C32074420DE5CB900C3AA4F /* MagicalRecord+ShorthandMethods.h */ = {isa = PBXFileReference; fileEncoding = 4; lastKnownFileType = sourcecode.c.h; path = "MagicalRecord+ShorthandMethods.h"; sourceTree = "<group>"; };
		9C32074520DE5CB900C3AA4F /* MagicalRecord+Setup.m */ = {isa = PBXFileReference; fileEncoding = 4; lastKnownFileType = sourcecode.c.objc; path = "MagicalRecord+Setup.m"; sourceTree = "<group>"; };
		9C32074620DE5CB900C3AA4F /* MagicalRecord+ErrorHandling.h */ = {isa = PBXFileReference; fileEncoding = 4; lastKnownFileType = sourcecode.c.h; path = "MagicalRecord+ErrorHandling.h"; sourceTree = "<group>"; };
		9C32074720DE5CB900C3AA4F /* MagicalRecord+Options.h */ = {isa = PBXFileReference; fileEncoding = 4; lastKnownFileType = sourcecode.c.h; path = "MagicalRecord+Options.h"; sourceTree = "<group>"; };
		9C32074820DE5CB900C3AA4F /* MagicalRecord+Actions.m */ = {isa = PBXFileReference; fileEncoding = 4; lastKnownFileType = sourcecode.c.objc; path = "MagicalRecord+Actions.m"; sourceTree = "<group>"; };
		9C32074920DE5CB900C3AA4F /* MagicalRecord+iCloud.h */ = {isa = PBXFileReference; fileEncoding = 4; lastKnownFileType = sourcecode.c.h; path = "MagicalRecord+iCloud.h"; sourceTree = "<group>"; };
		9C32074A20DE5CB900C3AA4F /* MagicalRecordInternal.h */ = {isa = PBXFileReference; fileEncoding = 4; lastKnownFileType = sourcecode.c.h; path = MagicalRecordInternal.h; sourceTree = "<group>"; };
		9C32074B20DE5CB900C3AA4F /* MagicalRecordXcode7CompatibilityMacros.h */ = {isa = PBXFileReference; fileEncoding = 4; lastKnownFileType = sourcecode.c.h; path = MagicalRecordXcode7CompatibilityMacros.h; sourceTree = "<group>"; };
		9C32074C20DE5CB900C3AA4F /* MagicalRecord+ShorthandMethods.m */ = {isa = PBXFileReference; fileEncoding = 4; lastKnownFileType = sourcecode.c.objc; path = "MagicalRecord+ShorthandMethods.m"; sourceTree = "<group>"; };
		9C32074D20DE5CB900C3AA4F /* MagicalRecordDeprecationMacros.h */ = {isa = PBXFileReference; fileEncoding = 4; lastKnownFileType = sourcecode.c.h; path = MagicalRecordDeprecationMacros.h; sourceTree = "<group>"; };
		9C32074E20DE5CB900C3AA4F /* MagicalRecord+Options.m */ = {isa = PBXFileReference; fileEncoding = 4; lastKnownFileType = sourcecode.c.objc; path = "MagicalRecord+Options.m"; sourceTree = "<group>"; };
		9C32074F20DE5CB900C3AA4F /* MagicalRecord+ErrorHandling.m */ = {isa = PBXFileReference; fileEncoding = 4; lastKnownFileType = sourcecode.c.objc; path = "MagicalRecord+ErrorHandling.m"; sourceTree = "<group>"; };
		9C32075020DE5CB900C3AA4F /* MagicalRecord+Setup.h */ = {isa = PBXFileReference; fileEncoding = 4; lastKnownFileType = sourcecode.c.h; path = "MagicalRecord+Setup.h"; sourceTree = "<group>"; };
		9C32075220DE5CB900C3AA4F /* NSPersistentStore+MagicalRecord.m */ = {isa = PBXFileReference; fileEncoding = 4; lastKnownFileType = sourcecode.c.objc; path = "NSPersistentStore+MagicalRecord.m"; sourceTree = "<group>"; };
		9C32075320DE5CB900C3AA4F /* NSManagedObjectModel+MagicalRecord.m */ = {isa = PBXFileReference; fileEncoding = 4; lastKnownFileType = sourcecode.c.objc; path = "NSManagedObjectModel+MagicalRecord.m"; sourceTree = "<group>"; };
		9C32075420DE5CB900C3AA4F /* NSPersistentStoreCoordinator+MagicalRecord.h */ = {isa = PBXFileReference; fileEncoding = 4; lastKnownFileType = sourcecode.c.h; path = "NSPersistentStoreCoordinator+MagicalRecord.h"; sourceTree = "<group>"; };
		9C32075620DE5CB900C3AA4F /* NSManagedObject+MagicalFinders.m */ = {isa = PBXFileReference; fileEncoding = 4; lastKnownFileType = sourcecode.c.objc; path = "NSManagedObject+MagicalFinders.m"; sourceTree = "<group>"; };
		9C32075720DE5CB900C3AA4F /* NSManagedObject+MagicalDataImport.h */ = {isa = PBXFileReference; fileEncoding = 4; lastKnownFileType = sourcecode.c.h; path = "NSManagedObject+MagicalDataImport.h"; sourceTree = "<group>"; };
		9C32075820DE5CB900C3AA4F /* NSManagedObject+MagicalAggregation.h */ = {isa = PBXFileReference; fileEncoding = 4; lastKnownFileType = sourcecode.c.h; path = "NSManagedObject+MagicalAggregation.h"; sourceTree = "<group>"; };
		9C32075920DE5CB900C3AA4F /* NSManagedObject+MagicalRecord.m */ = {isa = PBXFileReference; fileEncoding = 4; lastKnownFileType = sourcecode.c.objc; path = "NSManagedObject+MagicalRecord.m"; sourceTree = "<group>"; };
		9C32075A20DE5CB900C3AA4F /* NSManagedObject+MagicalRequests.h */ = {isa = PBXFileReference; fileEncoding = 4; lastKnownFileType = sourcecode.c.h; path = "NSManagedObject+MagicalRequests.h"; sourceTree = "<group>"; };
		9C32075B20DE5CB900C3AA4F /* NSManagedObject+MagicalFinders.h */ = {isa = PBXFileReference; fileEncoding = 4; lastKnownFileType = sourcecode.c.h; path = "NSManagedObject+MagicalFinders.h"; sourceTree = "<group>"; };
		9C32075C20DE5CB900C3AA4F /* NSManagedObject+MagicalAggregation.m */ = {isa = PBXFileReference; fileEncoding = 4; lastKnownFileType = sourcecode.c.objc; path = "NSManagedObject+MagicalAggregation.m"; sourceTree = "<group>"; };
		9C32075D20DE5CB900C3AA4F /* NSManagedObject+MagicalDataImport.m */ = {isa = PBXFileReference; fileEncoding = 4; lastKnownFileType = sourcecode.c.objc; path = "NSManagedObject+MagicalDataImport.m"; sourceTree = "<group>"; };
		9C32075E20DE5CB900C3AA4F /* NSManagedObject+MagicalRecord.h */ = {isa = PBXFileReference; fileEncoding = 4; lastKnownFileType = sourcecode.c.h; path = "NSManagedObject+MagicalRecord.h"; sourceTree = "<group>"; };
		9C32075F20DE5CB900C3AA4F /* NSManagedObject+MagicalRequests.m */ = {isa = PBXFileReference; fileEncoding = 4; lastKnownFileType = sourcecode.c.objc; path = "NSManagedObject+MagicalRequests.m"; sourceTree = "<group>"; };
		9C32076120DE5CB900C3AA4F /* NSManagedObjectContext+MagicalObserving.h */ = {isa = PBXFileReference; fileEncoding = 4; lastKnownFileType = sourcecode.c.h; path = "NSManagedObjectContext+MagicalObserving.h"; sourceTree = "<group>"; };
		9C32076220DE5CB900C3AA4F /* NSManagedObjectContext+MagicalRecord.h */ = {isa = PBXFileReference; fileEncoding = 4; lastKnownFileType = sourcecode.c.h; path = "NSManagedObjectContext+MagicalRecord.h"; sourceTree = "<group>"; };
		9C32076320DE5CB900C3AA4F /* NSManagedObjectContext+MagicalThreading.h */ = {isa = PBXFileReference; fileEncoding = 4; lastKnownFileType = sourcecode.c.h; path = "NSManagedObjectContext+MagicalThreading.h"; sourceTree = "<group>"; };
		9C32076420DE5CB900C3AA4F /* NSManagedObjectContext+MagicalChainSave.h */ = {isa = PBXFileReference; fileEncoding = 4; lastKnownFileType = sourcecode.c.h; path = "NSManagedObjectContext+MagicalChainSave.h"; sourceTree = "<group>"; };
		9C32076520DE5CB900C3AA4F /* NSManagedObjectContext+MagicalSaves.m */ = {isa = PBXFileReference; fileEncoding = 4; lastKnownFileType = sourcecode.c.objc; path = "NSManagedObjectContext+MagicalSaves.m"; sourceTree = "<group>"; };
		9C32076620DE5CB900C3AA4F /* NSManagedObjectContext+MagicalObserving.m */ = {isa = PBXFileReference; fileEncoding = 4; lastKnownFileType = sourcecode.c.objc; path = "NSManagedObjectContext+MagicalObserving.m"; sourceTree = "<group>"; };
		9C32076720DE5CB900C3AA4F /* NSManagedObjectContext+MagicalRecord.m */ = {isa = PBXFileReference; fileEncoding = 4; lastKnownFileType = sourcecode.c.objc; path = "NSManagedObjectContext+MagicalRecord.m"; sourceTree = "<group>"; };
		9C32076820DE5CB900C3AA4F /* NSManagedObjectContext+MagicalSaves.h */ = {isa = PBXFileReference; fileEncoding = 4; lastKnownFileType = sourcecode.c.h; path = "NSManagedObjectContext+MagicalSaves.h"; sourceTree = "<group>"; };
		9C32076920DE5CB900C3AA4F /* NSManagedObjectContext+MagicalChainSave.m */ = {isa = PBXFileReference; fileEncoding = 4; lastKnownFileType = sourcecode.c.objc; path = "NSManagedObjectContext+MagicalChainSave.m"; sourceTree = "<group>"; };
		9C32076A20DE5CB900C3AA4F /* NSManagedObjectContext+MagicalThreading.m */ = {isa = PBXFileReference; fileEncoding = 4; lastKnownFileType = sourcecode.c.objc; path = "NSManagedObjectContext+MagicalThreading.m"; sourceTree = "<group>"; };
		9C32076C20DE5CB900C3AA4F /* NSNumber+MagicalDataImport.m */ = {isa = PBXFileReference; fileEncoding = 4; lastKnownFileType = sourcecode.c.objc; path = "NSNumber+MagicalDataImport.m"; sourceTree = "<group>"; };
		9C32076D20DE5CB900C3AA4F /* NSRelationshipDescription+MagicalDataImport.h */ = {isa = PBXFileReference; fileEncoding = 4; lastKnownFileType = sourcecode.c.h; path = "NSRelationshipDescription+MagicalDataImport.h"; sourceTree = "<group>"; };
		9C32076E20DE5CB900C3AA4F /* NSObject+MagicalDataImport.h */ = {isa = PBXFileReference; fileEncoding = 4; lastKnownFileType = sourcecode.c.h; path = "NSObject+MagicalDataImport.h"; sourceTree = "<group>"; };
		9C32076F20DE5CB900C3AA4F /* MagicalImportFunctions.h */ = {isa = PBXFileReference; fileEncoding = 4; lastKnownFileType = sourcecode.c.h; path = MagicalImportFunctions.h; sourceTree = "<group>"; };
		9C32077020DE5CB900C3AA4F /* NSEntityDescription+MagicalDataImport.h */ = {isa = PBXFileReference; fileEncoding = 4; lastKnownFileType = sourcecode.c.h; path = "NSEntityDescription+MagicalDataImport.h"; sourceTree = "<group>"; };
		9C32077120DE5CB900C3AA4F /* NSAttributeDescription+MagicalDataImport.m */ = {isa = PBXFileReference; fileEncoding = 4; lastKnownFileType = sourcecode.c.objc; path = "NSAttributeDescription+MagicalDataImport.m"; sourceTree = "<group>"; };
		9C32077220DE5CB900C3AA4F /* NSString+MagicalDataImport.h */ = {isa = PBXFileReference; fileEncoding = 4; lastKnownFileType = sourcecode.c.h; path = "NSString+MagicalDataImport.h"; sourceTree = "<group>"; };
		9C32077320DE5CB900C3AA4F /* NSNumber+MagicalDataImport.h */ = {isa = PBXFileReference; fileEncoding = 4; lastKnownFileType = sourcecode.c.h; path = "NSNumber+MagicalDataImport.h"; sourceTree = "<group>"; };
		9C32077420DE5CB900C3AA4F /* NSEntityDescription+MagicalDataImport.m */ = {isa = PBXFileReference; fileEncoding = 4; lastKnownFileType = sourcecode.c.objc; path = "NSEntityDescription+MagicalDataImport.m"; sourceTree = "<group>"; };
		9C32077520DE5CB900C3AA4F /* MagicalImportFunctions.m */ = {isa = PBXFileReference; fileEncoding = 4; lastKnownFileType = sourcecode.c.objc; path = MagicalImportFunctions.m; sourceTree = "<group>"; };
		9C32077620DE5CB900C3AA4F /* NSObject+MagicalDataImport.m */ = {isa = PBXFileReference; fileEncoding = 4; lastKnownFileType = sourcecode.c.objc; path = "NSObject+MagicalDataImport.m"; sourceTree = "<group>"; };
		9C32077720DE5CB900C3AA4F /* NSRelationshipDescription+MagicalDataImport.m */ = {isa = PBXFileReference; fileEncoding = 4; lastKnownFileType = sourcecode.c.objc; path = "NSRelationshipDescription+MagicalDataImport.m"; sourceTree = "<group>"; };
		9C32077820DE5CB900C3AA4F /* NSAttributeDescription+MagicalDataImport.h */ = {isa = PBXFileReference; fileEncoding = 4; lastKnownFileType = sourcecode.c.h; path = "NSAttributeDescription+MagicalDataImport.h"; sourceTree = "<group>"; };
		9C32077920DE5CB900C3AA4F /* NSString+MagicalDataImport.m */ = {isa = PBXFileReference; fileEncoding = 4; lastKnownFileType = sourcecode.c.objc; path = "NSString+MagicalDataImport.m"; sourceTree = "<group>"; };
		9C32077A20DE5CB900C3AA4F /* NSManagedObjectModel+MagicalRecord.h */ = {isa = PBXFileReference; fileEncoding = 4; lastKnownFileType = sourcecode.c.h; path = "NSManagedObjectModel+MagicalRecord.h"; sourceTree = "<group>"; };
		9C32077B20DE5CB900C3AA4F /* NSPersistentStore+MagicalRecord.h */ = {isa = PBXFileReference; fileEncoding = 4; lastKnownFileType = sourcecode.c.h; path = "NSPersistentStore+MagicalRecord.h"; sourceTree = "<group>"; };
		9C32077C20DE5CB900C3AA4F /* NSPersistentStoreCoordinator+MagicalRecord.m */ = {isa = PBXFileReference; fileEncoding = 4; lastKnownFileType = sourcecode.c.objc; path = "NSPersistentStoreCoordinator+MagicalRecord.m"; sourceTree = "<group>"; };
		9C32077D20DE5CB900C3AA4F /* MagicalRecord.h */ = {isa = PBXFileReference; fileEncoding = 4; lastKnownFileType = sourcecode.c.h; path = MagicalRecord.h; sourceTree = "<group>"; };
		9C32079920DE5D3F00C3AA4F /* WikiRead-Bridge.h */ = {isa = PBXFileReference; lastKnownFileType = sourcecode.c.h; path = "WikiRead-Bridge.h"; sourceTree = "<group>"; };
		9C32079B20DE5E1200C3AA4F /* WikiPage.swift */ = {isa = PBXFileReference; lastKnownFileType = sourcecode.swift; path = WikiPage.swift; sourceTree = "<group>"; };
		9C32079E20DE5E2800C3AA4F /* Model.xcdatamodel */ = {isa = PBXFileReference; lastKnownFileType = wrapper.xcdatamodel; path = Model.xcdatamodel; sourceTree = "<group>"; };
		9C42F98320DE62F1006DA007 /* WikiPageDO.swift */ = {isa = PBXFileReference; lastKnownFileType = sourcecode.swift; path = WikiPageDO.swift; sourceTree = "<group>"; };
		9C42F98920DE75CF006DA007 /* SearchViewController.swift */ = {isa = PBXFileReference; lastKnownFileType = sourcecode.swift; path = SearchViewController.swift; sourceTree = "<group>"; };
		9C42F98B20DE776B006DA007 /* WikiPageCell.swift */ = {isa = PBXFileReference; lastKnownFileType = sourcecode.swift; path = WikiPageCell.swift; sourceTree = "<group>"; };
		9C42F98C20DE776B006DA007 /* WikiPageCell.xib */ = {isa = PBXFileReference; lastKnownFileType = file.xib; path = WikiPageCell.xib; sourceTree = "<group>"; };
		9C42F99020DE791B006DA007 /* UIImage+WebP.m */ = {isa = PBXFileReference; fileEncoding = 4; lastKnownFileType = sourcecode.c.objc; path = "UIImage+WebP.m"; sourceTree = "<group>"; };
		9C42F99120DE791B006DA007 /* MKAnnotationView+WebCache.m */ = {isa = PBXFileReference; fileEncoding = 4; lastKnownFileType = sourcecode.c.objc; path = "MKAnnotationView+WebCache.m"; sourceTree = "<group>"; };
		9C42F99220DE791B006DA007 /* UIImageView+WebCache.h */ = {isa = PBXFileReference; fileEncoding = 4; lastKnownFileType = sourcecode.c.h; path = "UIImageView+WebCache.h"; sourceTree = "<group>"; };
		9C42F99320DE791B006DA007 /* NSData+ImageContentType.h */ = {isa = PBXFileReference; fileEncoding = 4; lastKnownFileType = sourcecode.c.h; path = "NSData+ImageContentType.h"; sourceTree = "<group>"; };
		9C42F99420DE791B006DA007 /* SDWebImageManager.m */ = {isa = PBXFileReference; fileEncoding = 4; lastKnownFileType = sourcecode.c.objc; path = SDWebImageManager.m; sourceTree = "<group>"; };
		9C42F99520DE791B006DA007 /* SDWebImageDecoder.m */ = {isa = PBXFileReference; fileEncoding = 4; lastKnownFileType = sourcecode.c.objc; path = SDWebImageDecoder.m; sourceTree = "<group>"; };
		9C42F99620DE791B006DA007 /* SDWebImageDownloaderOperation.h */ = {isa = PBXFileReference; fileEncoding = 4; lastKnownFileType = sourcecode.c.h; path = SDWebImageDownloaderOperation.h; sourceTree = "<group>"; };
		9C42F99720DE791B006DA007 /* UIImageView+HighlightedWebCache.m */ = {isa = PBXFileReference; fileEncoding = 4; lastKnownFileType = sourcecode.c.objc; path = "UIImageView+HighlightedWebCache.m"; sourceTree = "<group>"; };
		9C42F99820DE791B006DA007 /* SDImageCache.h */ = {isa = PBXFileReference; fileEncoding = 4; lastKnownFileType = sourcecode.c.h; path = SDImageCache.h; sourceTree = "<group>"; };
		9C42F99920DE791B006DA007 /* SDWebImageDownloader.m */ = {isa = PBXFileReference; fileEncoding = 4; lastKnownFileType = sourcecode.c.objc; path = SDWebImageDownloader.m; sourceTree = "<group>"; };
		9C42F99A20DE791B006DA007 /* UIImage+GIF.m */ = {isa = PBXFileReference; fileEncoding = 4; lastKnownFileType = sourcecode.c.objc; path = "UIImage+GIF.m"; sourceTree = "<group>"; };
		9C42F99B20DE791B006DA007 /* UIButton+WebCache.h */ = {isa = PBXFileReference; fileEncoding = 4; lastKnownFileType = sourcecode.c.h; path = "UIButton+WebCache.h"; sourceTree = "<group>"; };
		9C42F99C20DE791B006DA007 /* UIImage+MultiFormat.m */ = {isa = PBXFileReference; fileEncoding = 4; lastKnownFileType = sourcecode.c.objc; path = "UIImage+MultiFormat.m"; sourceTree = "<group>"; };
		9C42F99D20DE791B006DA007 /* SDWebImageCompat.m */ = {isa = PBXFileReference; fileEncoding = 4; lastKnownFileType = sourcecode.c.objc; path = SDWebImageCompat.m; sourceTree = "<group>"; };
		9C42F99E20DE791B006DA007 /* SDWebImagePrefetcher.m */ = {isa = PBXFileReference; fileEncoding = 4; lastKnownFileType = sourcecode.c.objc; path = SDWebImagePrefetcher.m; sourceTree = "<group>"; };
		9C42F99F20DE791B006DA007 /* UIView+WebCacheOperation.h */ = {isa = PBXFileReference; fileEncoding = 4; lastKnownFileType = sourcecode.c.h; path = "UIView+WebCacheOperation.h"; sourceTree = "<group>"; };
		9C42F9A020DE791B006DA007 /* MKAnnotationView+WebCache.h */ = {isa = PBXFileReference; fileEncoding = 4; lastKnownFileType = sourcecode.c.h; path = "MKAnnotationView+WebCache.h"; sourceTree = "<group>"; };
		9C42F9A120DE791B006DA007 /* UIImage+WebP.h */ = {isa = PBXFileReference; fileEncoding = 4; lastKnownFileType = sourcecode.c.h; path = "UIImage+WebP.h"; sourceTree = "<group>"; };
		9C42F9A220DE791B006DA007 /* SDImageCache.m */ = {isa = PBXFileReference; fileEncoding = 4; lastKnownFileType = sourcecode.c.objc; path = SDImageCache.m; sourceTree = "<group>"; };
		9C42F9A320DE791B006DA007 /* UIImageView+HighlightedWebCache.h */ = {isa = PBXFileReference; fileEncoding = 4; lastKnownFileType = sourcecode.c.h; path = "UIImageView+HighlightedWebCache.h"; sourceTree = "<group>"; };
		9C42F9A420DE791B006DA007 /* SDWebImageDownloaderOperation.m */ = {isa = PBXFileReference; fileEncoding = 4; lastKnownFileType = sourcecode.c.objc; path = SDWebImageDownloaderOperation.m; sourceTree = "<group>"; };
		9C42F9A520DE791B006DA007 /* SDWebImageDecoder.h */ = {isa = PBXFileReference; fileEncoding = 4; lastKnownFileType = sourcecode.c.h; path = SDWebImageDecoder.h; sourceTree = "<group>"; };
		9C42F9A620DE791B006DA007 /* SDWebImageManager.h */ = {isa = PBXFileReference; fileEncoding = 4; lastKnownFileType = sourcecode.c.h; path = SDWebImageManager.h; sourceTree = "<group>"; };
		9C42F9A720DE791B006DA007 /* NSData+ImageContentType.m */ = {isa = PBXFileReference; fileEncoding = 4; lastKnownFileType = sourcecode.c.objc; path = "NSData+ImageContentType.m"; sourceTree = "<group>"; };
		9C42F9A820DE791B006DA007 /* UIImageView+WebCache.m */ = {isa = PBXFileReference; fileEncoding = 4; lastKnownFileType = sourcecode.c.objc; path = "UIImageView+WebCache.m"; sourceTree = "<group>"; };
		9C42F9A920DE791B006DA007 /* SDWebImageOperation.h */ = {isa = PBXFileReference; fileEncoding = 4; lastKnownFileType = sourcecode.c.h; path = SDWebImageOperation.h; sourceTree = "<group>"; };
		9C42F9AA20DE791B006DA007 /* SDWebImageDownloader.h */ = {isa = PBXFileReference; fileEncoding = 4; lastKnownFileType = sourcecode.c.h; path = SDWebImageDownloader.h; sourceTree = "<group>"; };
		9C42F9AB20DE791B006DA007 /* UIView+WebCacheOperation.m */ = {isa = PBXFileReference; fileEncoding = 4; lastKnownFileType = sourcecode.c.objc; path = "UIView+WebCacheOperation.m"; sourceTree = "<group>"; };
		9C42F9AC20DE791B006DA007 /* SDWebImagePrefetcher.h */ = {isa = PBXFileReference; fileEncoding = 4; lastKnownFileType = sourcecode.c.h; path = SDWebImagePrefetcher.h; sourceTree = "<group>"; };
		9C42F9AD20DE791B006DA007 /* SDWebImageCompat.h */ = {isa = PBXFileReference; fileEncoding = 4; lastKnownFileType = sourcecode.c.h; path = SDWebImageCompat.h; sourceTree = "<group>"; };
		9C42F9AE20DE791B006DA007 /* UIImage+MultiFormat.h */ = {isa = PBXFileReference; fileEncoding = 4; lastKnownFileType = sourcecode.c.h; path = "UIImage+MultiFormat.h"; sourceTree = "<group>"; };
		9C42F9AF20DE791B006DA007 /* UIButton+WebCache.m */ = {isa = PBXFileReference; fileEncoding = 4; lastKnownFileType = sourcecode.c.objc; path = "UIButton+WebCache.m"; sourceTree = "<group>"; };
		9C42F9B020DE791B006DA007 /* UIImage+GIF.h */ = {isa = PBXFileReference; fileEncoding = 4; lastKnownFileType = sourcecode.c.h; path = "UIImage+GIF.h"; sourceTree = "<group>"; };
		9C42F9CE20DEA28B006DA007 /* WebViewController.swift */ = {isa = PBXFileReference; lastKnownFileType = sourcecode.swift; path = WebViewController.swift; sourceTree = "<group>"; };
		9CF11CD220DFB94700034A1D /* OnboardingViewController.swift */ = {isa = PBXFileReference; lastKnownFileType = sourcecode.swift; path = OnboardingViewController.swift; sourceTree = "<group>"; };
		BB278897E93BF14B0A5099FF /* Pods-WikiRead.release.xcconfig */ = {isa = PBXFileReference; includeInIndex = 1; lastKnownFileType = text.xcconfig; name = "Pods-WikiRead.release.xcconfig"; path = "Pods/Target Support Files/Pods-WikiRead/Pods-WikiRead.release.xcconfig"; sourceTree = "<group>"; };
/* End PBXFileReference section */

/* Begin PBXFrameworksBuildPhase section */
		9C32072220DE56D700C3AA4F /* Frameworks */ = {
			isa = PBXFrameworksBuildPhase;
			buildActionMask = 2147483647;
			files = (
				B2780DD3170A2C81F34A660F /* Pods_WikiRead.framework in Frameworks */,
			);
			runOnlyForDeploymentPostprocessing = 0;
		};
/* End PBXFrameworksBuildPhase section */

/* Begin PBXGroup section */
		4CF7543E86CD068BC57B6EC0 /* Frameworks */ = {
			isa = PBXGroup;
			children = (
				99D555C4C1597AE888BA10A9 /* Pods_WikiRead.framework */,
			);
			name = Frameworks;
			sourceTree = "<group>";
		};
		7B7C80D3689ED2346751128D /* Pods */ = {
			isa = PBXGroup;
			children = (
				96D1251BD31A5DA6EB1ED269 /* Pods-WikiRead.debug.xcconfig */,
				BB278897E93BF14B0A5099FF /* Pods-WikiRead.release.xcconfig */,
			);
			name = Pods;
			sourceTree = "<group>";
		};
		9C32071C20DE56D700C3AA4F = {
			isa = PBXGroup;
			children = (
				9C32072720DE56D700C3AA4F /* WikiRead */,
				9C32072620DE56D700C3AA4F /* Products */,
				7B7C80D3689ED2346751128D /* Pods */,
				4CF7543E86CD068BC57B6EC0 /* Frameworks */,
			);
			sourceTree = "<group>";
		};
		9C32072620DE56D700C3AA4F /* Products */ = {
			isa = PBXGroup;
			children = (
				9C32072520DE56D700C3AA4F /* WikiRead.app */,
			);
			name = Products;
			sourceTree = "<group>";
		};
		9C32072720DE56D700C3AA4F /* WikiRead */ = {
			isa = PBXGroup;
			children = (
				9C42F9C120DE8D42006DA007 /* Views */,
				9C32079A20DE5D5500C3AA4F /* Model */,
				9C32073A20DE56F400C3AA4F /* Helpers */,
				9C32072820DE56D700C3AA4F /* AppDelegate.swift */,
				9C32072F20DE56D900C3AA4F /* Assets.xcassets */,
				9C32073120DE56D900C3AA4F /* LaunchScreen.storyboard */,
				9C32073420DE56D900C3AA4F /* Info.plist */,
				9C32079920DE5D3F00C3AA4F /* WikiRead-Bridge.h */,
			);
			path = WikiRead;
			sourceTree = "<group>";
		};
		9C32073A20DE56F400C3AA4F /* Helpers */ = {
			isa = PBXGroup;
			children = (
				9C42F98F20DE791B006DA007 /* SDWebImage */,
				9C32073D20DE5CB900C3AA4F /* MagicalRecord */,
				9C32073B20DE574100C3AA4F /* NetworkInterface.swift */,
			);
			path = Helpers;
			sourceTree = "<group>";
		};
		9C32073D20DE5CB900C3AA4F /* MagicalRecord */ = {
			isa = PBXGroup;
			children = (
				9C32073E20DE5CB900C3AA4F /* Core */,
				9C32075120DE5CB900C3AA4F /* Categories */,
				9C32077D20DE5CB900C3AA4F /* MagicalRecord.h */,
			);
			path = MagicalRecord;
			sourceTree = "<group>";
		};
		9C32073E20DE5CB900C3AA4F /* Core */ = {
			isa = PBXGroup;
			children = (
				9C32073F20DE5CB900C3AA4F /* MagicalRecordInternal.m */,
				9C32074020DE5CB900C3AA4F /* MagicalRecord+iCloud.m */,
				9C32074120DE5CB900C3AA4F /* MagicalRecord+Actions.h */,
				9C32074220DE5CB900C3AA4F /* MagicalRecordShorthandMethodAliases.h */,
				9C32074320DE5CB900C3AA4F /* MagicalRecordLogging.h */,
				9C32074420DE5CB900C3AA4F /* MagicalRecord+ShorthandMethods.h */,
				9C32074520DE5CB900C3AA4F /* MagicalRecord+Setup.m */,
				9C32074620DE5CB900C3AA4F /* MagicalRecord+ErrorHandling.h */,
				9C32074720DE5CB900C3AA4F /* MagicalRecord+Options.h */,
				9C32074820DE5CB900C3AA4F /* MagicalRecord+Actions.m */,
				9C32074920DE5CB900C3AA4F /* MagicalRecord+iCloud.h */,
				9C32074A20DE5CB900C3AA4F /* MagicalRecordInternal.h */,
				9C32074B20DE5CB900C3AA4F /* MagicalRecordXcode7CompatibilityMacros.h */,
				9C32074C20DE5CB900C3AA4F /* MagicalRecord+ShorthandMethods.m */,
				9C32074D20DE5CB900C3AA4F /* MagicalRecordDeprecationMacros.h */,
				9C32074E20DE5CB900C3AA4F /* MagicalRecord+Options.m */,
				9C32074F20DE5CB900C3AA4F /* MagicalRecord+ErrorHandling.m */,
				9C32075020DE5CB900C3AA4F /* MagicalRecord+Setup.h */,
			);
			path = Core;
			sourceTree = "<group>";
		};
		9C32075120DE5CB900C3AA4F /* Categories */ = {
			isa = PBXGroup;
			children = (
				9C32075220DE5CB900C3AA4F /* NSPersistentStore+MagicalRecord.m */,
				9C32075320DE5CB900C3AA4F /* NSManagedObjectModel+MagicalRecord.m */,
				9C32075420DE5CB900C3AA4F /* NSPersistentStoreCoordinator+MagicalRecord.h */,
				9C32075520DE5CB900C3AA4F /* NSManagedObject */,
				9C32076020DE5CB900C3AA4F /* NSManagedObjectContext */,
				9C32076B20DE5CB900C3AA4F /* DataImport */,
				9C32077A20DE5CB900C3AA4F /* NSManagedObjectModel+MagicalRecord.h */,
				9C32077B20DE5CB900C3AA4F /* NSPersistentStore+MagicalRecord.h */,
				9C32077C20DE5CB900C3AA4F /* NSPersistentStoreCoordinator+MagicalRecord.m */,
			);
			path = Categories;
			sourceTree = "<group>";
		};
		9C32075520DE5CB900C3AA4F /* NSManagedObject */ = {
			isa = PBXGroup;
			children = (
				9C32075620DE5CB900C3AA4F /* NSManagedObject+MagicalFinders.m */,
				9C32075720DE5CB900C3AA4F /* NSManagedObject+MagicalDataImport.h */,
				9C32075820DE5CB900C3AA4F /* NSManagedObject+MagicalAggregation.h */,
				9C32075920DE5CB900C3AA4F /* NSManagedObject+MagicalRecord.m */,
				9C32075A20DE5CB900C3AA4F /* NSManagedObject+MagicalRequests.h */,
				9C32075B20DE5CB900C3AA4F /* NSManagedObject+MagicalFinders.h */,
				9C32075C20DE5CB900C3AA4F /* NSManagedObject+MagicalAggregation.m */,
				9C32075D20DE5CB900C3AA4F /* NSManagedObject+MagicalDataImport.m */,
				9C32075E20DE5CB900C3AA4F /* NSManagedObject+MagicalRecord.h */,
				9C32075F20DE5CB900C3AA4F /* NSManagedObject+MagicalRequests.m */,
			);
			path = NSManagedObject;
			sourceTree = "<group>";
		};
		9C32076020DE5CB900C3AA4F /* NSManagedObjectContext */ = {
			isa = PBXGroup;
			children = (
				9C32076120DE5CB900C3AA4F /* NSManagedObjectContext+MagicalObserving.h */,
				9C32076220DE5CB900C3AA4F /* NSManagedObjectContext+MagicalRecord.h */,
				9C32076320DE5CB900C3AA4F /* NSManagedObjectContext+MagicalThreading.h */,
				9C32076420DE5CB900C3AA4F /* NSManagedObjectContext+MagicalChainSave.h */,
				9C32076520DE5CB900C3AA4F /* NSManagedObjectContext+MagicalSaves.m */,
				9C32076620DE5CB900C3AA4F /* NSManagedObjectContext+MagicalObserving.m */,
				9C32076720DE5CB900C3AA4F /* NSManagedObjectContext+MagicalRecord.m */,
				9C32076820DE5CB900C3AA4F /* NSManagedObjectContext+MagicalSaves.h */,
				9C32076920DE5CB900C3AA4F /* NSManagedObjectContext+MagicalChainSave.m */,
				9C32076A20DE5CB900C3AA4F /* NSManagedObjectContext+MagicalThreading.m */,
			);
			path = NSManagedObjectContext;
			sourceTree = "<group>";
		};
		9C32076B20DE5CB900C3AA4F /* DataImport */ = {
			isa = PBXGroup;
			children = (
				9C32076C20DE5CB900C3AA4F /* NSNumber+MagicalDataImport.m */,
				9C32076D20DE5CB900C3AA4F /* NSRelationshipDescription+MagicalDataImport.h */,
				9C32076E20DE5CB900C3AA4F /* NSObject+MagicalDataImport.h */,
				9C32076F20DE5CB900C3AA4F /* MagicalImportFunctions.h */,
				9C32077020DE5CB900C3AA4F /* NSEntityDescription+MagicalDataImport.h */,
				9C32077120DE5CB900C3AA4F /* NSAttributeDescription+MagicalDataImport.m */,
				9C32077220DE5CB900C3AA4F /* NSString+MagicalDataImport.h */,
				9C32077320DE5CB900C3AA4F /* NSNumber+MagicalDataImport.h */,
				9C32077420DE5CB900C3AA4F /* NSEntityDescription+MagicalDataImport.m */,
				9C32077520DE5CB900C3AA4F /* MagicalImportFunctions.m */,
				9C32077620DE5CB900C3AA4F /* NSObject+MagicalDataImport.m */,
				9C32077720DE5CB900C3AA4F /* NSRelationshipDescription+MagicalDataImport.m */,
				9C32077820DE5CB900C3AA4F /* NSAttributeDescription+MagicalDataImport.h */,
				9C32077920DE5CB900C3AA4F /* NSString+MagicalDataImport.m */,
			);
			path = DataImport;
			sourceTree = "<group>";
		};
		9C32079A20DE5D5500C3AA4F /* Model */ = {
			isa = PBXGroup;
			children = (
				9C42F98320DE62F1006DA007 /* WikiPageDO.swift */,
				9C32079B20DE5E1200C3AA4F /* WikiPage.swift */,
				9C32079D20DE5E2800C3AA4F /* Model.xcdatamodeld */,
			);
			path = Model;
			sourceTree = "<group>";
		};
		9C42F98F20DE791B006DA007 /* SDWebImage */ = {
			isa = PBXGroup;
			children = (
				9C42F99020DE791B006DA007 /* UIImage+WebP.m */,
				9C42F99120DE791B006DA007 /* MKAnnotationView+WebCache.m */,
				9C42F99220DE791B006DA007 /* UIImageView+WebCache.h */,
				9C42F99320DE791B006DA007 /* NSData+ImageContentType.h */,
				9C42F99420DE791B006DA007 /* SDWebImageManager.m */,
				9C42F99520DE791B006DA007 /* SDWebImageDecoder.m */,
				9C42F99620DE791B006DA007 /* SDWebImageDownloaderOperation.h */,
				9C42F99720DE791B006DA007 /* UIImageView+HighlightedWebCache.m */,
				9C42F99820DE791B006DA007 /* SDImageCache.h */,
				9C42F99920DE791B006DA007 /* SDWebImageDownloader.m */,
				9C42F99A20DE791B006DA007 /* UIImage+GIF.m */,
				9C42F99B20DE791B006DA007 /* UIButton+WebCache.h */,
				9C42F99C20DE791B006DA007 /* UIImage+MultiFormat.m */,
				9C42F99D20DE791B006DA007 /* SDWebImageCompat.m */,
				9C42F99E20DE791B006DA007 /* SDWebImagePrefetcher.m */,
				9C42F99F20DE791B006DA007 /* UIView+WebCacheOperation.h */,
				9C42F9A020DE791B006DA007 /* MKAnnotationView+WebCache.h */,
				9C42F9A120DE791B006DA007 /* UIImage+WebP.h */,
				9C42F9A220DE791B006DA007 /* SDImageCache.m */,
				9C42F9A320DE791B006DA007 /* UIImageView+HighlightedWebCache.h */,
				9C42F9A420DE791B006DA007 /* SDWebImageDownloaderOperation.m */,
				9C42F9A520DE791B006DA007 /* SDWebImageDecoder.h */,
				9C42F9A620DE791B006DA007 /* SDWebImageManager.h */,
				9C42F9A720DE791B006DA007 /* NSData+ImageContentType.m */,
				9C42F9A820DE791B006DA007 /* UIImageView+WebCache.m */,
				9C42F9A920DE791B006DA007 /* SDWebImageOperation.h */,
				9C42F9AA20DE791B006DA007 /* SDWebImageDownloader.h */,
				9C42F9AB20DE791B006DA007 /* UIView+WebCacheOperation.m */,
				9C42F9AC20DE791B006DA007 /* SDWebImagePrefetcher.h */,
				9C42F9AD20DE791B006DA007 /* SDWebImageCompat.h */,
				9C42F9AE20DE791B006DA007 /* UIImage+MultiFormat.h */,
				9C42F9AF20DE791B006DA007 /* UIButton+WebCache.m */,
				9C42F9B020DE791B006DA007 /* UIImage+GIF.h */,
			);
			path = SDWebImage;
			sourceTree = "<group>";
		};
		9C42F9C120DE8D42006DA007 /* Views */ = {
			isa = PBXGroup;
			children = (
				9C32072C20DE56D700C3AA4F /* Main.storyboard */,
				9CF11CD220DFB94700034A1D /* OnboardingViewController.swift */,
				9C32072A20DE56D700C3AA4F /* ExploreViewController.swift */,
				9C42F98920DE75CF006DA007 /* SearchViewController.swift */,
				9C42F9CE20DEA28B006DA007 /* WebViewController.swift */,
				9C42F98B20DE776B006DA007 /* WikiPageCell.swift */,
				9C42F98C20DE776B006DA007 /* WikiPageCell.xib */,
			);
			path = Views;
			sourceTree = "<group>";
		};
/* End PBXGroup section */

/* Begin PBXNativeTarget section */
		9C32072420DE56D700C3AA4F /* WikiRead */ = {
			isa = PBXNativeTarget;
			buildConfigurationList = 9C32073720DE56D900C3AA4F /* Build configuration list for PBXNativeTarget "WikiRead" */;
			buildPhases = (
				FDD69574659B74297EF662B5 /* [CP] Check Pods Manifest.lock */,
				9C32072120DE56D700C3AA4F /* Sources */,
				9C32072220DE56D700C3AA4F /* Frameworks */,
				9C32072320DE56D700C3AA4F /* Resources */,
				92CC31207D1CA06B0A5031B1 /* [CP] Embed Pods Frameworks */,
			);
			buildRules = (
			);
			dependencies = (
			);
			name = WikiRead;
			productName = WikiRead;
			productReference = 9C32072520DE56D700C3AA4F /* WikiRead.app */;
			productType = "com.apple.product-type.application";
		};
/* End PBXNativeTarget section */

/* Begin PBXProject section */
		9C32071D20DE56D700C3AA4F /* Project object */ = {
			isa = PBXProject;
			attributes = {
				LastSwiftUpdateCheck = 0940;
				LastUpgradeCheck = 0940;
				ORGANIZATIONNAME = "Gitesh Agarwal";
				TargetAttributes = {
					9C32072420DE56D700C3AA4F = {
						CreatedOnToolsVersion = 9.4.1;
					};
				};
			};
			buildConfigurationList = 9C32072020DE56D700C3AA4F /* Build configuration list for PBXProject "WikiRead" */;
			compatibilityVersion = "Xcode 9.3";
			developmentRegion = en;
			hasScannedForEncodings = 0;
			knownRegions = (
				en,
				Base,
			);
			mainGroup = 9C32071C20DE56D700C3AA4F;
			productRefGroup = 9C32072620DE56D700C3AA4F /* Products */;
			projectDirPath = "";
			projectRoot = "";
			targets = (
				9C32072420DE56D700C3AA4F /* WikiRead */,
			);
		};
/* End PBXProject section */

/* Begin PBXResourcesBuildPhase section */
		9C32072320DE56D700C3AA4F /* Resources */ = {
			isa = PBXResourcesBuildPhase;
			buildActionMask = 2147483647;
			files = (
				9C32073320DE56D900C3AA4F /* LaunchScreen.storyboard in Resources */,
				9C32073020DE56D900C3AA4F /* Assets.xcassets in Resources */,
				9C42F98E20DE776B006DA007 /* WikiPageCell.xib in Resources */,
				9C32072E20DE56D700C3AA4F /* Main.storyboard in Resources */,
			);
			runOnlyForDeploymentPostprocessing = 0;
		};
/* End PBXResourcesBuildPhase section */

/* Begin PBXShellScriptBuildPhase section */
		92CC31207D1CA06B0A5031B1 /* [CP] Embed Pods Frameworks */ = {
			isa = PBXShellScriptBuildPhase;
			buildActionMask = 2147483647;
			files = (
			);
			inputPaths = (
				"${SRCROOT}/Pods/Target Support Files/Pods-WikiRead/Pods-WikiRead-frameworks.sh",
				"${BUILT_PRODUCTS_DIR}/paper-onboarding/paper_onboarding.framework",
			);
			name = "[CP] Embed Pods Frameworks";
			outputPaths = (
				"${TARGET_BUILD_DIR}/${FRAMEWORKS_FOLDER_PATH}/paper_onboarding.framework",
			);
			runOnlyForDeploymentPostprocessing = 0;
			shellPath = /bin/sh;
			shellScript = "\"${SRCROOT}/Pods/Target Support Files/Pods-WikiRead/Pods-WikiRead-frameworks.sh\"\n";
			showEnvVarsInLog = 0;
		};
		FDD69574659B74297EF662B5 /* [CP] Check Pods Manifest.lock */ = {
			isa = PBXShellScriptBuildPhase;
			buildActionMask = 2147483647;
			files = (
			);
			inputPaths = (
				"${PODS_PODFILE_DIR_PATH}/Podfile.lock",
				"${PODS_ROOT}/Manifest.lock",
			);
			name = "[CP] Check Pods Manifest.lock";
			outputPaths = (
				"$(DERIVED_FILE_DIR)/Pods-WikiRead-checkManifestLockResult.txt",
			);
			runOnlyForDeploymentPostprocessing = 0;
			shellPath = /bin/sh;
			shellScript = "diff \"${PODS_PODFILE_DIR_PATH}/Podfile.lock\" \"${PODS_ROOT}/Manifest.lock\" > /dev/null\nif [ $? != 0 ] ; then\n    # print error to STDERR\n    echo \"error: The sandbox is not in sync with the Podfile.lock. Run 'pod install' or update your CocoaPods installation.\" >&2\n    exit 1\nfi\n# This output is used by Xcode 'outputs' to avoid re-running this script phase.\necho \"SUCCESS\" > \"${SCRIPT_OUTPUT_FILE_0}\"\n";
			showEnvVarsInLog = 0;
		};
/* End PBXShellScriptBuildPhase section */

/* Begin PBXSourcesBuildPhase section */
		9C32072120DE56D700C3AA4F /* Sources */ = {
			isa = PBXSourcesBuildPhase;
			buildActionMask = 2147483647;
			files = (
				9C42F9B420DE791B006DA007 /* SDWebImageDecoder.m in Sources */,
				9C42F9CF20DEA28B006DA007 /* WebViewController.swift in Sources */,
				9C32078520DE5CB900C3AA4F /* NSPersistentStore+MagicalRecord.m in Sources */,
				9C32077E20DE5CB900C3AA4F /* MagicalRecordInternal.m in Sources */,
				9C32077F20DE5CB900C3AA4F /* MagicalRecord+iCloud.m in Sources */,
				9C32078E20DE5CB900C3AA4F /* NSManagedObjectContext+MagicalRecord.m in Sources */,
				9C32079820DE5CB900C3AA4F /* NSPersistentStoreCoordinator+MagicalRecord.m in Sources */,
				9C42F9BB20DE791B006DA007 /* SDImageCache.m in Sources */,
				9C42F9B820DE791B006DA007 /* UIImage+MultiFormat.m in Sources */,
				9C32078320DE5CB900C3AA4F /* MagicalRecord+Options.m in Sources */,
				9C32079620DE5CB900C3AA4F /* NSRelationshipDescription+MagicalDataImport.m in Sources */,
				9C32079520DE5CB900C3AA4F /* NSObject+MagicalDataImport.m in Sources */,
				9C32078720DE5CB900C3AA4F /* NSManagedObject+MagicalFinders.m in Sources */,
				9C32078B20DE5CB900C3AA4F /* NSManagedObject+MagicalRequests.m in Sources */,
				9C42F9B520DE791B006DA007 /* UIImageView+HighlightedWebCache.m in Sources */,
				9C32078820DE5CB900C3AA4F /* NSManagedObject+MagicalRecord.m in Sources */,
				9C42F98D20DE776B006DA007 /* WikiPageCell.swift in Sources */,
				9C32072B20DE56D700C3AA4F /* ExploreViewController.swift in Sources */,
				9C32079020DE5CB900C3AA4F /* NSManagedObjectContext+MagicalThreading.m in Sources */,
				9C32078120DE5CB900C3AA4F /* MagicalRecord+Actions.m in Sources */,
				9C42F9BD20DE791B006DA007 /* NSData+ImageContentType.m in Sources */,
				9C42F9B920DE791B006DA007 /* SDWebImageCompat.m in Sources */,
				9C32078C20DE5CB900C3AA4F /* NSManagedObjectContext+MagicalSaves.m in Sources */,
				9C42F9B320DE791B006DA007 /* SDWebImageManager.m in Sources */,
				9C42F9C020DE791B006DA007 /* UIButton+WebCache.m in Sources */,
				9C32079320DE5CB900C3AA4F /* NSEntityDescription+MagicalDataImport.m in Sources */,
				9C32079220DE5CB900C3AA4F /* NSAttributeDescription+MagicalDataImport.m in Sources */,
				9C42F9B720DE791B006DA007 /* UIImage+GIF.m in Sources */,
				9C32078F20DE5CB900C3AA4F /* NSManagedObjectContext+MagicalChainSave.m in Sources */,
				9C42F9BA20DE791B006DA007 /* SDWebImagePrefetcher.m in Sources */,
				9C32078220DE5CB900C3AA4F /* MagicalRecord+ShorthandMethods.m in Sources */,
				9C32079720DE5CB900C3AA4F /* NSString+MagicalDataImport.m in Sources */,
				9C42F9B620DE791B006DA007 /* SDWebImageDownloader.m in Sources */,
				9C32078A20DE5CB900C3AA4F /* NSManagedObject+MagicalDataImport.m in Sources */,
				9C42F9B220DE791B006DA007 /* MKAnnotationView+WebCache.m in Sources */,
				9C32078920DE5CB900C3AA4F /* NSManagedObject+MagicalAggregation.m in Sources */,
				9C32078020DE5CB900C3AA4F /* MagicalRecord+Setup.m in Sources */,
				9C32079C20DE5E1200C3AA4F /* WikiPage.swift in Sources */,
				9C42F9BE20DE791B006DA007 /* UIImageView+WebCache.m in Sources */,
				9C42F98420DE62F1006DA007 /* WikiPageDO.swift in Sources */,
				9C42F9BF20DE791B006DA007 /* UIView+WebCacheOperation.m in Sources */,
				9C32073C20DE574100C3AA4F /* NetworkInterface.swift in Sources */,
				9C42F9BC20DE791B006DA007 /* SDWebImageDownloaderOperation.m in Sources */,
				9C42F9B120DE791B006DA007 /* UIImage+WebP.m in Sources */,
				9C32079120DE5CB900C3AA4F /* NSNumber+MagicalDataImport.m in Sources */,
				9CF11CD320DFB94700034A1D /* OnboardingViewController.swift in Sources */,
				9C32079420DE5CB900C3AA4F /* MagicalImportFunctions.m in Sources */,
				9C42F98A20DE75CF006DA007 /* SearchViewController.swift in Sources */,
				9C32079F20DE5E2800C3AA4F /* Model.xcdatamodeld in Sources */,
				9C32078620DE5CB900C3AA4F /* NSManagedObjectModel+MagicalRecord.m in Sources */,
				9C32072920DE56D700C3AA4F /* AppDelegate.swift in Sources */,
				9C32078420DE5CB900C3AA4F /* MagicalRecord+ErrorHandling.m in Sources */,
				9C32078D20DE5CB900C3AA4F /* NSManagedObjectContext+MagicalObserving.m in Sources */,
			);
			runOnlyForDeploymentPostprocessing = 0;
		};
/* End PBXSourcesBuildPhase section */

/* Begin PBXVariantGroup section */
		9C32072C20DE56D700C3AA4F /* Main.storyboard */ = {
			isa = PBXVariantGroup;
			children = (
				9C32072D20DE56D700C3AA4F /* Base */,
			);
			name = Main.storyboard;
			sourceTree = "<group>";
		};
		9C32073120DE56D900C3AA4F /* LaunchScreen.storyboard */ = {
			isa = PBXVariantGroup;
			children = (
				9C32073220DE56D900C3AA4F /* Base */,
			);
			name = LaunchScreen.storyboard;
			sourceTree = "<group>";
		};
/* End PBXVariantGroup section */

/* Begin XCBuildConfiguration section */
		9C32073520DE56D900C3AA4F /* Debug */ = {
			isa = XCBuildConfiguration;
			buildSettings = {
				ALWAYS_SEARCH_USER_PATHS = NO;
				CLANG_ANALYZER_NONNULL = YES;
				CLANG_ANALYZER_NUMBER_OBJECT_CONVERSION = YES_AGGRESSIVE;
				CLANG_CXX_LANGUAGE_STANDARD = "gnu++14";
				CLANG_CXX_LIBRARY = "libc++";
				CLANG_ENABLE_MODULES = YES;
				CLANG_ENABLE_OBJC_ARC = YES;
				CLANG_ENABLE_OBJC_WEAK = YES;
				CLANG_WARN_BLOCK_CAPTURE_AUTORELEASING = YES;
				CLANG_WARN_BOOL_CONVERSION = YES;
				CLANG_WARN_COMMA = YES;
				CLANG_WARN_CONSTANT_CONVERSION = YES;
				CLANG_WARN_DEPRECATED_OBJC_IMPLEMENTATIONS = YES;
				CLANG_WARN_DIRECT_OBJC_ISA_USAGE = YES_ERROR;
				CLANG_WARN_DOCUMENTATION_COMMENTS = YES;
				CLANG_WARN_EMPTY_BODY = YES;
				CLANG_WARN_ENUM_CONVERSION = YES;
				CLANG_WARN_INFINITE_RECURSION = YES;
				CLANG_WARN_INT_CONVERSION = YES;
				CLANG_WARN_NON_LITERAL_NULL_CONVERSION = YES;
				CLANG_WARN_OBJC_IMPLICIT_RETAIN_SELF = YES;
				CLANG_WARN_OBJC_LITERAL_CONVERSION = YES;
				CLANG_WARN_OBJC_ROOT_CLASS = YES_ERROR;
				CLANG_WARN_RANGE_LOOP_ANALYSIS = YES;
				CLANG_WARN_STRICT_PROTOTYPES = YES;
				CLANG_WARN_SUSPICIOUS_MOVE = YES;
				CLANG_WARN_UNGUARDED_AVAILABILITY = YES_AGGRESSIVE;
				CLANG_WARN_UNREACHABLE_CODE = YES;
				CLANG_WARN__DUPLICATE_METHOD_MATCH = YES;
				CODE_SIGN_IDENTITY = "iPhone Developer";
				COPY_PHASE_STRIP = NO;
				DEBUG_INFORMATION_FORMAT = dwarf;
				ENABLE_STRICT_OBJC_MSGSEND = YES;
				ENABLE_TESTABILITY = YES;
				GCC_C_LANGUAGE_STANDARD = gnu11;
				GCC_DYNAMIC_NO_PIC = NO;
				GCC_NO_COMMON_BLOCKS = YES;
				GCC_OPTIMIZATION_LEVEL = 0;
				GCC_PREPROCESSOR_DEFINITIONS = (
					"DEBUG=1",
					"$(inherited)",
				);
				GCC_WARN_64_TO_32_BIT_CONVERSION = YES;
				GCC_WARN_ABOUT_RETURN_TYPE = YES_ERROR;
				GCC_WARN_UNDECLARED_SELECTOR = YES;
				GCC_WARN_UNINITIALIZED_AUTOS = YES_AGGRESSIVE;
				GCC_WARN_UNUSED_FUNCTION = YES;
				GCC_WARN_UNUSED_VARIABLE = YES;
				IPHONEOS_DEPLOYMENT_TARGET = 11.4;
				MTL_ENABLE_DEBUG_INFO = YES;
				ONLY_ACTIVE_ARCH = YES;
				SDKROOT = iphoneos;
				SWIFT_ACTIVE_COMPILATION_CONDITIONS = DEBUG;
				SWIFT_OPTIMIZATION_LEVEL = "-Onone";
			};
			name = Debug;
		};
		9C32073620DE56D900C3AA4F /* Release */ = {
			isa = XCBuildConfiguration;
			buildSettings = {
				ALWAYS_SEARCH_USER_PATHS = NO;
				CLANG_ANALYZER_NONNULL = YES;
				CLANG_ANALYZER_NUMBER_OBJECT_CONVERSION = YES_AGGRESSIVE;
				CLANG_CXX_LANGUAGE_STANDARD = "gnu++14";
				CLANG_CXX_LIBRARY = "libc++";
				CLANG_ENABLE_MODULES = YES;
				CLANG_ENABLE_OBJC_ARC = YES;
				CLANG_ENABLE_OBJC_WEAK = YES;
				CLANG_WARN_BLOCK_CAPTURE_AUTORELEASING = YES;
				CLANG_WARN_BOOL_CONVERSION = YES;
				CLANG_WARN_COMMA = YES;
				CLANG_WARN_CONSTANT_CONVERSION = YES;
				CLANG_WARN_DEPRECATED_OBJC_IMPLEMENTATIONS = YES;
				CLANG_WARN_DIRECT_OBJC_ISA_USAGE = YES_ERROR;
				CLANG_WARN_DOCUMENTATION_COMMENTS = YES;
				CLANG_WARN_EMPTY_BODY = YES;
				CLANG_WARN_ENUM_CONVERSION = YES;
				CLANG_WARN_INFINITE_RECURSION = YES;
				CLANG_WARN_INT_CONVERSION = YES;
				CLANG_WARN_NON_LITERAL_NULL_CONVERSION = YES;
				CLANG_WARN_OBJC_IMPLICIT_RETAIN_SELF = YES;
				CLANG_WARN_OBJC_LITERAL_CONVERSION = YES;
				CLANG_WARN_OBJC_ROOT_CLASS = YES_ERROR;
				CLANG_WARN_RANGE_LOOP_ANALYSIS = YES;
				CLANG_WARN_STRICT_PROTOTYPES = YES;
				CLANG_WARN_SUSPICIOUS_MOVE = YES;
				CLANG_WARN_UNGUARDED_AVAILABILITY = YES_AGGRESSIVE;
				CLANG_WARN_UNREACHABLE_CODE = YES;
				CLANG_WARN__DUPLICATE_METHOD_MATCH = YES;
				CODE_SIGN_IDENTITY = "iPhone Developer";
				COPY_PHASE_STRIP = NO;
				DEBUG_INFORMATION_FORMAT = "dwarf-with-dsym";
				ENABLE_NS_ASSERTIONS = NO;
				ENABLE_STRICT_OBJC_MSGSEND = YES;
				GCC_C_LANGUAGE_STANDARD = gnu11;
				GCC_NO_COMMON_BLOCKS = YES;
				GCC_WARN_64_TO_32_BIT_CONVERSION = YES;
				GCC_WARN_ABOUT_RETURN_TYPE = YES_ERROR;
				GCC_WARN_UNDECLARED_SELECTOR = YES;
				GCC_WARN_UNINITIALIZED_AUTOS = YES_AGGRESSIVE;
				GCC_WARN_UNUSED_FUNCTION = YES;
				GCC_WARN_UNUSED_VARIABLE = YES;
				IPHONEOS_DEPLOYMENT_TARGET = 11.4;
				MTL_ENABLE_DEBUG_INFO = NO;
				SDKROOT = iphoneos;
				SWIFT_COMPILATION_MODE = wholemodule;
				SWIFT_OPTIMIZATION_LEVEL = "-O";
				VALIDATE_PRODUCT = YES;
			};
			name = Release;
		};
		9C32073820DE56D900C3AA4F /* Debug */ = {
			isa = XCBuildConfiguration;
			baseConfigurationReference = 96D1251BD31A5DA6EB1ED269 /* Pods-WikiRead.debug.xcconfig */;
			buildSettings = {
				ASSETCATALOG_COMPILER_APPICON_NAME = AppIcon;
				CODE_SIGN_STYLE = Automatic;
				DEVELOPMENT_TEAM = FY2JCVS5XX;
				FRAMEWORK_SEARCH_PATHS = (
					"$(inherited)",
					"$(PROJECT_DIR)",
				);
				INFOPLIST_FILE = WikiRead/Info.plist;
				IPHONEOS_DEPLOYMENT_TARGET = 9.0;
				LD_RUNPATH_SEARCH_PATHS = (
					"$(inherited)",
					"@executable_path/Frameworks",
				);
				PRODUCT_BUNDLE_IDENTIFIER = com.moxtrablr.WikiRead;
				PRODUCT_NAME = "$(TARGET_NAME)";
				SWIFT_OBJC_BRIDGING_HEADER = "$(PROJECT_DIR)/WikiRead/WikiRead-Bridge.h";
				SWIFT_VERSION = 4.0;
				TARGETED_DEVICE_FAMILY = "1,2";
			};
			name = Debug;
		};
		9C32073920DE56D900C3AA4F /* Release */ = {
			isa = XCBuildConfiguration;
			baseConfigurationReference = BB278897E93BF14B0A5099FF /* Pods-WikiRead.release.xcconfig */;
			buildSettings = {
				ASSETCATALOG_COMPILER_APPICON_NAME = AppIcon;
				CODE_SIGN_STYLE = Automatic;
				DEVELOPMENT_TEAM = FY2JCVS5XX;
				FRAMEWORK_SEARCH_PATHS = (
					"$(inherited)",
					"$(PROJECT_DIR)",
				);
				INFOPLIST_FILE = WikiRead/Info.plist;
				IPHONEOS_DEPLOYMENT_TARGET = 9.0;
				LD_RUNPATH_SEARCH_PATHS = (
					"$(inherited)",
					"@executable_path/Frameworks",
				);
				PRODUCT_BUNDLE_IDENTIFIER = com.moxtrablr.WikiRead;
				PRODUCT_NAME = "$(TARGET_NAME)";
				SWIFT_OBJC_BRIDGING_HEADER = "$(PROJECT_DIR)/WikiRead/WikiRead-Bridge.h";
				SWIFT_VERSION = 4.0;
				TARGETED_DEVICE_FAMILY = "1,2";
			};
			name = Release;
		};
/* End XCBuildConfiguration section */

/* Begin XCConfigurationList section */
		9C32072020DE56D700C3AA4F /* Build configuration list for PBXProject "WikiRead" */ = {
			isa = XCConfigurationList;
			buildConfigurations = (
				9C32073520DE56D900C3AA4F /* Debug */,
				9C32073620DE56D900C3AA4F /* Release */,
			);
			defaultConfigurationIsVisible = 0;
			defaultConfigurationName = Release;
		};
		9C32073720DE56D900C3AA4F /* Build configuration list for PBXNativeTarget "WikiRead" */ = {
			isa = XCConfigurationList;
			buildConfigurations = (
				9C32073820DE56D900C3AA4F /* Debug */,
				9C32073920DE56D900C3AA4F /* Release */,
			);
			defaultConfigurationIsVisible = 0;
			defaultConfigurationName = Release;
		};
/* End XCConfigurationList section */

/* Begin XCVersionGroup section */
		9C32079D20DE5E2800C3AA4F /* Model.xcdatamodeld */ = {
			isa = XCVersionGroup;
			children = (
				9C32079E20DE5E2800C3AA4F /* Model.xcdatamodel */,
			);
			currentVersion = 9C32079E20DE5E2800C3AA4F /* Model.xcdatamodel */;
			path = Model.xcdatamodeld;
			sourceTree = "<group>";
			versionGroupType = wrapper.xcdatamodel;
		};
/* End XCVersionGroup section */
	};
	rootObject = 9C32071D20DE56D700C3AA4F /* Project object */;
}
